<Solution>
  <Project Path="FlexiSpace.API/FlexiSpace.API.csproj" />
  <Project Path="FlexiSpace.Core/FlexiSpace.Core.csproj" />
  <Project Path="FlexiSpace.Infrastructure/FlexiSpace.Infrastructure.csproj" />
  <Project Path="FlexiSpace.Prototype.Core/FlexiSpace.Prototype.Core.csproj" />
  <Project Path="FlexiSpace.TestClient/FlexiSpace.TestClient.csproj" />
  <Project Path="FlexiSpace.Tests/FlexiSpace.Tests.csproj" />
  <Project Path="FlexiSpace.Web/FlexiSpace.Web.csproj" />
</Solution>
